
Microsoft Visual Studio Solution File, Format Version 12.00
# Visual Studio Version 16
VisualStudioVersion = 16.0.29920.165
MinimumVisualStudioVersion = 10.0.40219.1
Project("{FAE04EC0-301F-11D3-BF4B-00C04F79EFBC}") = "UmbracoFormsDemo", "UmbracoFormsDemo\UmbracoFormsDemo.csproj", "{D4B98901-C4F9-4363-8E97-046405BEBEED}"
EndProject
Global
	GlobalSection(SolutionConfigurationPlatforms) = preSolution
		Debug|Any CPU = Debug|Any CPU
		Release|Any CPU = Release|Any CPU
	EndGlobalSection
	GlobalSection(ProjectConfigurationPlatforms) = postSolution
		{D4B98901-C4F9-4363-8E97-046405BEBEED}.Debug|Any CPU.ActiveCfg = Debug|Any CPU
		{D4B98901-C4F9-4363-8E97-046405BEBEED}.Debug|Any CPU.Build.0 = Debug|Any CPU
		{D4B98901-C4F9-4363-8E97-046405BEBEED}.Release|Any CPU.ActiveCfg = Release|Any CPU
		{D4B98901-C4F9-4363-8E97-046405BEBEED}.Release|Any CPU.Build.0 = Release|Any CPU
	EndGlobalSection
	GlobalSection(SolutionProperties) = preSolution
		HideSolutionNode = FALSE
	EndGlobalSection
	GlobalSection(ExtensibilityGlobals) = postSolution
		SolutionGuid = {DFB332A0-4F2A-43EA-A0E1-A63D54F31AF8}
	EndGlobalSection
EndGlobal
